
Microsoft Visual Studio Solution File, Format Version 12.00
# Visual Studio 2013
VisualStudioVersion = 12.0.31101.0
MinimumVisualStudioVersion = 10.0.40219.1
Project("{FAE04EC0-301F-11D3-BF4B-00C04F79EFBC}") = "End automate", "End automate\End automate.csproj", "{146DD313-2D64-4F69-AF1C-D13BEF0D246D}"
EndProject
Global
	GlobalSection(SolutionConfigurationPlatforms) = preSolution
		Debug|Any CPU = Debug|Any CPU
		Release|Any CPU = Release|Any CPU
	EndGlobalSection
	GlobalSection(ProjectConfigurationPlatforms) = postSolution
		{146DD313-2D64-4F69-AF1C-D13BEF0D246D}.Debug|Any CPU.ActiveCfg = Debug|Any CPU
		{146DD313-2D64-4F69-AF1C-D13BEF0D246D}.Debug|Any CPU.Build.0 = Debug|Any CPU
		{146DD313-2D64-4F69-AF1C-D13BEF0D246D}.Release|Any CPU.ActiveCfg = Release|Any CPU
		{146DD313-2D64-4F69-AF1C-D13BEF0D246D}.Release|Any CPU.Build.0 = Release|Any CPU
	EndGlobalSection
	GlobalSection(SolutionProperties) = preSolution
		HideSolutionNode = FALSE
	EndGlobalSection
EndGlobal
